
Microsoft Visual Studio Solution File, Format Version 12.00
# Visual Studio 2017
Project("{FAE04EC0-301F-11D3-BF4B-00C04F79EFBC}") = "Chara_RaceGame", "Chara_RaceGame.csproj", "{B08B62A2-4E5C-7B6A-6E34-D829F705E342}"
EndProject
Project("{FAE04EC0-301F-11D3-BF4B-00C04F79EFBC}") = "Chara_RaceGame.Plugins", "Chara_RaceGame.Plugins.csproj", "{50B2FB1D-C5CA-7634-883D-710107B4C172}"
EndProject
Project("{FAE04EC0-301F-11D3-BF4B-00C04F79EFBC}") = "Chara_RaceGame.Editor.Plugins", "Chara_RaceGame.Editor.Plugins.csproj", "{40563D2B-DC75-453C-27CB-36A6285829FC}"
EndProject
Project("{FAE04EC0-301F-11D3-BF4B-00C04F79EFBC}") = "Chara_RaceGame.Editor", "Chara_RaceGame.Editor.csproj", "{4D207556-7889-923A-BFC1-460EF5CC905F}"
EndProject
Global
	GlobalSection(SolutionConfigurationPlatforms) = preSolution
		Debug|Any CPU = Debug|Any CPU
		Release|Any CPU = Release|Any CPU
	EndGlobalSection
	GlobalSection(ProjectConfigurationPlatforms) = postSolution
		{B08B62A2-4E5C-7B6A-6E34-D829F705E342}.Debug|Any CPU.ActiveCfg = Debug|Any CPU
		{B08B62A2-4E5C-7B6A-6E34-D829F705E342}.Debug|Any CPU.Build.0 = Debug|Any CPU
		{B08B62A2-4E5C-7B6A-6E34-D829F705E342}.Release|Any CPU.ActiveCfg = Release|Any CPU
		{B08B62A2-4E5C-7B6A-6E34-D829F705E342}.Release|Any CPU.Build.0 = Release|Any CPU
		{50B2FB1D-C5CA-7634-883D-710107B4C172}.Debug|Any CPU.ActiveCfg = Debug|Any CPU
		{50B2FB1D-C5CA-7634-883D-710107B4C172}.Debug|Any CPU.Build.0 = Debug|Any CPU
		{50B2FB1D-C5CA-7634-883D-710107B4C172}.Release|Any CPU.ActiveCfg = Release|Any CPU
		{50B2FB1D-C5CA-7634-883D-710107B4C172}.Release|Any CPU.Build.0 = Release|Any CPU
		{40563D2B-DC75-453C-27CB-36A6285829FC}.Debug|Any CPU.ActiveCfg = Debug|Any CPU
		{40563D2B-DC75-453C-27CB-36A6285829FC}.Debug|Any CPU.Build.0 = Debug|Any CPU
		{40563D2B-DC75-453C-27CB-36A6285829FC}.Release|Any CPU.ActiveCfg = Release|Any CPU
		{40563D2B-DC75-453C-27CB-36A6285829FC}.Release|Any CPU.Build.0 = Release|Any CPU
		{4D207556-7889-923A-BFC1-460EF5CC905F}.Debug|Any CPU.ActiveCfg = Debug|Any CPU
		{4D207556-7889-923A-BFC1-460EF5CC905F}.Debug|Any CPU.Build.0 = Debug|Any CPU
		{4D207556-7889-923A-BFC1-460EF5CC905F}.Release|Any CPU.ActiveCfg = Release|Any CPU
		{4D207556-7889-923A-BFC1-460EF5CC905F}.Release|Any CPU.Build.0 = Release|Any CPU
	EndGlobalSection
	GlobalSection(SolutionProperties) = preSolution
		HideSolutionNode = FALSE
	EndGlobalSection
EndGlobal
